<?xml version="1.0" encoding="utf-8"?>
<Project ToolsVersion="4.0" xmlns="http://schemas.microsoft.com/developer/msbuild/2003">
  <ItemGroup>
    <Filter Include="Fichiers sources">
      <UniqueIdentifier>{4FC737F1-C7A5-4376-A066-2A32D752A2FF}</UniqueIdentifier>
      <Extensions>cpp;c;cc;cxx;c++;cppm;ixx;def;odl;idl;hpj;bat;asm;asmx</Extensions>
    </Filter>
    <Filter Include="Fichiers d%27en-tête">
      <UniqueIdentifier>{93995380-89BD-4b04-88EB-625FBE52EBFB}</UniqueIdentifier>
      <Extensions>h;hh;hpp;hxx;h++;hm;inl;inc;ipp;xsd</Extensions>
    </Filter>
    <Filter Include="Fichiers de ressources">
      <UniqueIdentifier>{67DA6AB6-F800-4c08-8B7A-83BB121AAD01}</UniqueIdentifier>
      <Extensions>rc;ico;cur;bmp;dlg;rc2;rct;bin;rgs;gif;jpg;jpeg;jpe;resx;tiff;tif;png;wav;mfcribbon-ms</Extensions>
    </Filter>
    <Filter Include="Fichiers d%27en-tête\functions">
      <UniqueIdentifier>{091f08f3-ce0f-424a-8159-cd4d80c887b6}</UniqueIdentifier>
    </Filter>
    <Filter Include="Fichiers sources\functions">
      <UniqueIdentifier>{a1f304c3-b1f7-41d1-9c75-ba6cc7041bc9}</UniqueIdentifier>
    </Filter>
    <Filter Include="Fichiers sources\Pipline">
      <UniqueIdentifier>{4f365ffe-9d70-43c4-917a-a2ffa5a4123e}</UniqueIdentifier>
    </Filter>
    <Filter Include="Fichiers d%27en-tête\Pipline">
      <UniqueIdentifier>{f59bc190-00bb-4d3f-be4b-4a8049311b01}</UniqueIdentifier>
    </Filter>
  </ItemGroup>
  <ItemGroup>
    <ClInclude Include="framework.h">
      <Filter>Fichiers d%27en-tête</Filter>
    </ClInclude>
    <ClInclude Include="pch.h">
      <Filter>Fichiers d%27en-tête</Filter>
    </ClInclude>
    <ClInclude Include="vk_macros.h">
      <Filter>Fichiers d%27en-tête</Filter>
    </ClInclude>
    <ClInclude Include="vk_Exception.h">
      <Filter>Fichiers d%27en-tête</Filter>
    </ClInclude>
    <ClInclude Include="vk_Renderer.h">
      <Filter>Fichiers d%27en-tête</Filter>
    </ClInclude>
    <ClInclude Include="vk_globals.h">
      <Filter>Fichiers d%27en-tête</Filter>
    </ClInclude>
    <ClInclude Include="IDisplayer.h">
      <Filter>Fichiers d%27en-tête</Filter>
    </ClInclude>
    <ClInclude Include="vk_logger.h">
      <Filter>Fichiers d%27en-tête</Filter>
    </ClInclude>
    <ClInclude Include="vk_WindowSystemProxy.h">
      <Filter>Fichiers d%27en-tête</Filter>
    </ClInclude>
    <ClInclude Include="vk_destroy.h">
      <Filter>Fichiers d%27en-tête\functions</Filter>
    </ClInclude>
    <ClInclude Include="vk_create.h">
      <Filter>Fichiers d%27en-tête\functions</Filter>
    </ClInclude>
    <ClInclude Include="vk_check.h">
      <Filter>Fichiers d%27en-tête\functions</Filter>
    </ClInclude>
    <ClInclude Include="string_to_enum.h">
      <Filter>Fichiers d%27en-tête\functions</Filter>
    </ClInclude>
    <ClInclude Include="vk_ext_struct.h">
      <Filter>Fichiers d%27en-tête\functions</Filter>
    </ClInclude>
    <ClInclude Include="vk_gets.h">
      <Filter>Fichiers d%27en-tête\functions</Filter>
    </ClInclude>
    <ClInclude Include="vk_struct_initializers.h">
      <Filter>Fichiers d%27en-tête\functions</Filter>
    </ClInclude>
    <ClInclude Include="vk_files.h">
      <Filter>Fichiers d%27en-tête\functions</Filter>
    </ClInclude>
    <ClInclude Include="enum_to_string.h">
      <Filter>Fichiers d%27en-tête\functions</Filter>
    </ClInclude>
    <ClInclude Include="vk_display.h">
      <Filter>Fichiers d%27en-tête\functions</Filter>
    </ClInclude>
    <ClInclude Include="vk_string_to_enum.h">
      <Filter>Fichiers d%27en-tête\functions</Filter>
    </ClInclude>
    <ClInclude Include="vk_enum_to_string.h">
      <Filter>Fichiers d%27en-tête\functions</Filter>
    </ClInclude>
    <ClInclude Include="vk_enumerate.h">
      <Filter>Fichiers d%27en-tête\functions</Filter>
    </ClInclude>
    <ClInclude Include="vk_pipeline.h">
      <Filter>Fichiers d%27en-tête\Pipline</Filter>
    </ClInclude>
    <ClInclude Include="vk_mesh.h">
      <Filter>Fichiers d%27en-tête\Pipline</Filter>
    </ClInclude>
    <ClInclude Include="vk_shader.h">
      <Filter>Fichiers d%27en-tête\Pipline</Filter>
    </ClInclude>
    <ClInclude Include="vk_module.h">
      <Filter>Fichiers d%27en-tête</Filter>
    </ClInclude>
    <ClInclude Include="vk_camera.h">
      <Filter>Fichiers d%27en-tête</Filter>
    </ClInclude>
    <ClInclude Include="vk_movable.h">
      <Filter>Fichiers d%27en-tête</Filter>
    </ClInclude>
  </ItemGroup>
  <ItemGroup>
    <ClCompile Include="pch.cpp">
      <Filter>Fichiers sources</Filter>
    </ClCompile>
    <ClCompile Include="vk_Exception.cpp">
      <Filter>Fichiers sources</Filter>
    </ClCompile>
    <ClCompile Include="vk_Renderer.cpp">
      <Filter>Fichiers sources</Filter>
    </ClCompile>
    <ClCompile Include="vk_logger.cpp">
      <Filter>Fichiers sources</Filter>
    </ClCompile>
    <ClCompile Include="vk_check.cpp">
      <Filter>Fichiers sources\functions</Filter>
    </ClCompile>
    <ClCompile Include="vk_create.cpp">
      <Filter>Fichiers sources\functions</Filter>
    </ClCompile>
    <ClCompile Include="vk_destroy.cpp">
      <Filter>Fichiers sources\functions</Filter>
    </ClCompile>
    <ClCompile Include="vk_enumerate.cpp">
      <Filter>Fichiers sources\functions</Filter>
    </ClCompile>
    <ClCompile Include="vk_display.cpp">
      <Filter>Fichiers sources\functions</Filter>
    </ClCompile>
    <ClCompile Include="vk_gets.cpp">
      <Filter>Fichiers sources\functions</Filter>
    </ClCompile>
    <ClCompile Include="vk_files.cpp">
      <Filter>Fichiers sources\functions</Filter>
    </ClCompile>
    <ClCompile Include="vk_pipeline.cpp">
      <Filter>Fichiers sources\Pipline</Filter>
    </ClCompile>
    <ClCompile Include="vk_mesh.cpp">
      <Filter>Fichiers sources\Pipline</Filter>
    </ClCompile>
    <ClCompile Include="vk_shader.cpp">
      <Filter>Fichiers sources\Pipline</Filter>
    </ClCompile>
    <ClCompile Include="vk_module.cpp">
      <Filter>Fichiers sources</Filter>
    </ClCompile>
    <ClCompile Include="vk_camera.cpp">
      <Filter>Fichiers sources</Filter>
    </ClCompile>
    <ClCompile Include="vk_movable.cpp">
      <Filter>Fichiers sources</Filter>
    </ClCompile>
  </ItemGroup>
</Project>