<?xml version="1.0" encoding="utf-8"?>
<Project ToolsVersion="4.0" xmlns="http://schemas.microsoft.com/developer/msbuild/2003">
  <ItemGroup>
    <Filter Include="Fichiers sources">
      <UniqueIdentifier>{4FC737F1-C7A5-4376-A066-2A32D752A2FF}</UniqueIdentifier>
      <Extensions>cpp;c;cc;cxx;c++;cppm;ixx;def;odl;idl;hpj;bat;asm;asmx</Extensions>
    </Filter>
    <Filter Include="Fichiers d%27en-tête">
      <UniqueIdentifier>{93995380-89BD-4b04-88EB-625FBE52EBFB}</UniqueIdentifier>
      <Extensions>h;hh;hpp;hxx;h++;hm;inl;inc;ipp;xsd</Extensions>
    </Filter>
    <Filter Include="Fichiers de ressources">
      <UniqueIdentifier>{67DA6AB6-F800-4c08-8B7A-83BB121AAD01}</UniqueIdentifier>
      <Extensions>rc;ico;cur;bmp;dlg;rc2;rct;bin;rgs;gif;jpg;jpeg;jpe;resx;tiff;tif;png;wav;mfcribbon-ms</Extensions>
    </Filter>
    <Filter Include="Fichiers d%27en-tête\Capabilities">
      <UniqueIdentifier>{5611c49c-40a3-425b-9db2-e1dd6734b3ab}</UniqueIdentifier>
    </Filter>
    <Filter Include="Fichiers sources\Capabilities">
      <UniqueIdentifier>{464e53eb-9e75-4ac7-afc0-91a2ffffa816}</UniqueIdentifier>
    </Filter>
    <Filter Include="Fichiers d%27en-tête\Parameters">
      <UniqueIdentifier>{81653931-06f3-4476-8060-b9c7cc8e41be}</UniqueIdentifier>
    </Filter>
    <Filter Include="Fichiers d%27en-tête\EngineObjects">
      <UniqueIdentifier>{b65d480c-4f0d-4d6f-8e3d-ce09c08c8d2b}</UniqueIdentifier>
    </Filter>
    <Filter Include="Fichiers sources\EngineObjects">
      <UniqueIdentifier>{bffd68a1-df59-4996-88a4-f87b500f4e52}</UniqueIdentifier>
    </Filter>
    <Filter Include="Fichiers d%27en-tête\Events">
      <UniqueIdentifier>{268967ad-1aac-45a8-9260-63e1413f1af9}</UniqueIdentifier>
    </Filter>
    <Filter Include="Fichiers d%27en-tête\math">
      <UniqueIdentifier>{7f459e07-27e8-4e59-913e-278ff6639b82}</UniqueIdentifier>
    </Filter>
    <Filter Include="Fichiers d%27en-tête\component">
      <UniqueIdentifier>{0ccd27e5-4c12-407d-803c-c7cc285675d7}</UniqueIdentifier>
    </Filter>
    <Filter Include="Fichiers sources\component">
      <UniqueIdentifier>{b20a3016-f107-43dd-87a4-55c99c537b12}</UniqueIdentifier>
    </Filter>
    <Filter Include="Fichiers d%27en-tête\Scene">
      <UniqueIdentifier>{68c758dd-6bfe-4dc0-949b-f23371a8936e}</UniqueIdentifier>
    </Filter>
    <Filter Include="Fichiers sources\Scene">
      <UniqueIdentifier>{8ce6161b-2eb3-4210-acf6-b547695b42ae}</UniqueIdentifier>
    </Filter>
    <Filter Include="Fichiers d%27en-tête\ResourcesTypes">
      <UniqueIdentifier>{38e5330a-22eb-4233-baff-93f9acc743f3}</UniqueIdentifier>
    </Filter>
  </ItemGroup>
  <ItemGroup>
    <ClInclude Include="framework.h">
      <Filter>Fichiers d%27en-tête</Filter>
    </ClInclude>
    <ClInclude Include="pch.h">
      <Filter>Fichiers d%27en-tête</Filter>
    </ClInclude>
    <ClInclude Include="capabilities\VulkanDeviceCapabilities.h">
      <Filter>Fichiers d%27en-tête\Capabilities</Filter>
    </ClInclude>
    <ClInclude Include="vulkan_enum_to_string.h">
      <Filter>Fichiers d%27en-tête</Filter>
    </ClInclude>
    <ClInclude Include="Vulkan_macros.h">
      <Filter>Fichiers d%27en-tête</Filter>
    </ClInclude>
    <ClInclude Include="capabilities\VulkanCapabilities.h">
      <Filter>Fichiers d%27en-tête\Capabilities</Filter>
    </ClInclude>
    <ClInclude Include="VulkanInitializers.h">
      <Filter>Fichiers d%27en-tête</Filter>
    </ClInclude>
    <ClInclude Include="VulkanContext.h">
      <Filter>Fichiers d%27en-tête</Filter>
    </ClInclude>
    <ClInclude Include="parameters\VulkanParameter.h">
      <Filter>Fichiers d%27en-tête\Parameters</Filter>
    </ClInclude>
    <ClInclude Include="VulkanDevice.h">
      <Filter>Fichiers d%27en-tête</Filter>
    </ClInclude>
    <ClInclude Include="Engine_globals.h">
      <Filter>Fichiers d%27en-tête</Filter>
    </ClInclude>
    <ClInclude Include="EngineObject.h">
      <Filter>Fichiers d%27en-tête\EngineObjects</Filter>
    </ClInclude>
    <ClInclude Include="EngineResizable.h">
      <Filter>Fichiers d%27en-tête\EngineObjects</Filter>
    </ClInclude>
    <ClInclude Include="EngineEvents.h">
      <Filter>Fichiers d%27en-tête\Events</Filter>
    </ClInclude>
    <ClInclude Include="EngineEventStatus.h">
      <Filter>Fichiers d%27en-tête\Events</Filter>
    </ClInclude>
    <ClInclude Include="vulkan_string_to_enum.h">
      <Filter>Fichiers d%27en-tête</Filter>
    </ClInclude>
    <ClInclude Include="VulkanSwapChain.h">
      <Filter>Fichiers d%27en-tête</Filter>
    </ClInclude>
    <ClInclude Include="VulkanObject.h">
      <Filter>Fichiers d%27en-tête</Filter>
    </ClInclude>
    <ClInclude Include="VulkanLocalsContexts.h">
      <Filter>Fichiers d%27en-tête</Filter>
    </ClInclude>
    <ClInclude Include="math\glmEx.h">
      <Filter>Fichiers d%27en-tête\math</Filter>
    </ClInclude>
    <ClInclude Include="VulkanPipeline.h">
      <Filter>Fichiers d%27en-tête</Filter>
    </ClInclude>
    <ClInclude Include="VulkanMemoryCallbacks.h">
      <Filter>Fichiers d%27en-tête</Filter>
    </ClInclude>
    <ClInclude Include="EngineTreeNode.h">
      <Filter>Fichiers d%27en-tête</Filter>
    </ClInclude>
    <ClInclude Include="component\SceneComponent.h">
      <Filter>Fichiers d%27en-tête\component</Filter>
    </ClInclude>
    <ClInclude Include="VulkanRenderingContext.h">
      <Filter>Fichiers d%27en-tête</Filter>
    </ClInclude>
    <ClInclude Include="VulkanShader.h">
      <Filter>Fichiers d%27en-tête</Filter>
    </ClInclude>
    <ClInclude Include="VulkanPipelineCache.h">
      <Filter>Fichiers d%27en-tête</Filter>
    </ClInclude>
    <ClInclude Include="VulkanPipelineInitializers.h">
      <Filter>Fichiers d%27en-tête</Filter>
    </ClInclude>
    <ClInclude Include="ResourcesTypes\VulkanVertex.h">
      <Filter>Fichiers d%27en-tête\ResourcesTypes</Filter>
    </ClInclude>
    <ClInclude Include="VulkanDefines.h">
      <Filter>Fichiers d%27en-tête</Filter>
    </ClInclude>
  </ItemGroup>
  <ItemGroup>
    <ClCompile Include="dllmain.cpp">
      <Filter>Fichiers sources</Filter>
    </ClCompile>
    <ClCompile Include="pch.cpp">
      <Filter>Fichiers sources</Filter>
    </ClCompile>
    <ClCompile Include="capabilities\VulkanDeviceCapabilities.cpp">
      <Filter>Fichiers sources\Capabilities</Filter>
    </ClCompile>
    <ClCompile Include="capabilities\VulkanCapabilities.cpp">
      <Filter>Fichiers sources\Capabilities</Filter>
    </ClCompile>
    <ClCompile Include="VulkanContext.cpp">
      <Filter>Fichiers sources</Filter>
    </ClCompile>
    <ClCompile Include="VulkanDevice.cpp">
      <Filter>Fichiers sources</Filter>
    </ClCompile>
    <ClCompile Include="EngineObject.cpp">
      <Filter>Fichiers sources\EngineObjects</Filter>
    </ClCompile>
    <ClCompile Include="EngineResizable.cpp">
      <Filter>Fichiers sources\EngineObjects</Filter>
    </ClCompile>
    <ClCompile Include="VulkanSwapChain.cpp">
      <Filter>Fichiers sources</Filter>
    </ClCompile>
    <ClCompile Include="vmaAllocator.cpp">
      <Filter>Fichiers sources</Filter>
    </ClCompile>
    <ClCompile Include="VulkanPipeline.cpp">
      <Filter>Fichiers sources</Filter>
    </ClCompile>
    <ClCompile Include="VulkanMemoryCallbacks.cpp">
      <Filter>Fichiers sources</Filter>
    </ClCompile>
    <ClCompile Include="component\SceneComponent.cpp">
      <Filter>Fichiers sources\component</Filter>
    </ClCompile>
    <ClCompile Include="VulkanShader.cpp">
      <Filter>Fichiers sources</Filter>
    </ClCompile>
    <ClCompile Include="VulkanPipelineCache.cpp">
      <Filter>Fichiers sources</Filter>
    </ClCompile>
  </ItemGroup>
</Project>