
Microsoft Visual Studio Solution File, Format Version 12.00
# Visual Studio Version 17
VisualStudioVersion = 17.3.32922.545
MinimumVisualStudioVersion = 10.0.40219.1
Project("{8BC9CEB8-8B4A-11D0-8D11-00A0C91BC942}") = "Engine", "Engine\Engine.vcxproj", "{0D5811AF-D53F-4DB5-AF9D-C37AEDBD26DC}"
EndProject
Project("{8BC9CEB8-8B4A-11D0-8D11-00A0C91BC942}") = "EngineTester", "EngineTester\EngineTester.vcxproj", "{30188232-93B6-444B-BAB6-72ACBA80D893}"
	ProjectSection(ProjectDependencies) = postProject
		{0D5811AF-D53F-4DB5-AF9D-C37AEDBD26DC} = {0D5811AF-D53F-4DB5-AF9D-C37AEDBD26DC}
	EndProjectSection
EndProject
Project("{8BC9CEB8-8B4A-11D0-8D11-00A0C91BC942}") = "Entities", "Entities\Entities.vcxproj", "{4B57B61B-1310-4329-AE72-12B8F1C19515}"
EndProject
Global
	GlobalSection(SolutionConfigurationPlatforms) = preSolution
		Debug|x64 = Debug|x64
		Debug|x86 = Debug|x86
		Release|x64 = Release|x64
		Release|x86 = Release|x86
	EndGlobalSection
	GlobalSection(ProjectConfigurationPlatforms) = postSolution
		{0D5811AF-D53F-4DB5-AF9D-C37AEDBD26DC}.Debug|x64.ActiveCfg = Debug|x64
		{0D5811AF-D53F-4DB5-AF9D-C37AEDBD26DC}.Debug|x64.Build.0 = Debug|x64
		{0D5811AF-D53F-4DB5-AF9D-C37AEDBD26DC}.Debug|x86.ActiveCfg = Debug|Win32
		{0D5811AF-D53F-4DB5-AF9D-C37AEDBD26DC}.Debug|x86.Build.0 = Debug|Win32
		{0D5811AF-D53F-4DB5-AF9D-C37AEDBD26DC}.Release|x64.ActiveCfg = Release|x64
		{0D5811AF-D53F-4DB5-AF9D-C37AEDBD26DC}.Release|x64.Build.0 = Release|x64
		{0D5811AF-D53F-4DB5-AF9D-C37AEDBD26DC}.Release|x86.ActiveCfg = Release|Win32
		{0D5811AF-D53F-4DB5-AF9D-C37AEDBD26DC}.Release|x86.Build.0 = Release|Win32
		{30188232-93B6-444B-BAB6-72ACBA80D893}.Debug|x64.ActiveCfg = Debug|x64
		{30188232-93B6-444B-BAB6-72ACBA80D893}.Debug|x64.Build.0 = Debug|x64
		{30188232-93B6-444B-BAB6-72ACBA80D893}.Debug|x86.ActiveCfg = Debug|Win32
		{30188232-93B6-444B-BAB6-72ACBA80D893}.Debug|x86.Build.0 = Debug|Win32
		{30188232-93B6-444B-BAB6-72ACBA80D893}.Release|x64.ActiveCfg = Release|x64
		{30188232-93B6-444B-BAB6-72ACBA80D893}.Release|x64.Build.0 = Release|x64
		{30188232-93B6-444B-BAB6-72ACBA80D893}.Release|x86.ActiveCfg = Release|Win32
		{30188232-93B6-444B-BAB6-72ACBA80D893}.Release|x86.Build.0 = Release|Win32
		{4B57B61B-1310-4329-AE72-12B8F1C19515}.Debug|x64.ActiveCfg = Debug|x64
		{4B57B61B-1310-4329-AE72-12B8F1C19515}.Debug|x64.Build.0 = Debug|x64
		{4B57B61B-1310-4329-AE72-12B8F1C19515}.Debug|x86.ActiveCfg = Debug|Win32
		{4B57B61B-1310-4329-AE72-12B8F1C19515}.Debug|x86.Build.0 = Debug|Win32
		{4B57B61B-1310-4329-AE72-12B8F1C19515}.Release|x64.ActiveCfg = Release|x64
		{4B57B61B-1310-4329-AE72-12B8F1C19515}.Release|x64.Build.0 = Release|x64
		{4B57B61B-1310-4329-AE72-12B8F1C19515}.Release|x86.ActiveCfg = Release|Win32
		{4B57B61B-1310-4329-AE72-12B8F1C19515}.Release|x86.Build.0 = Release|Win32
	EndGlobalSection
	GlobalSection(SolutionProperties) = preSolution
		HideSolutionNode = FALSE
	EndGlobalSection
	GlobalSection(ExtensibilityGlobals) = postSolution
		SolutionGuid = {318A0F1E-922F-4483-AC9A-C06419FF7D00}
	EndGlobalSection
EndGlobal
